
Microsoft Visual Studio Solution File, Format Version 12.00
# Visual Studio Version 16
VisualStudioVersion = 16.0.31025.194
MinimumVisualStudioVersion = 10.0.40219.1
Project("{FAE04EC0-301F-11D3-BF4B-00C04F79EFBC}") = "AplicacaoNextSoft", "AplicacaoNextSoft\AplicacaoNextSoft.csproj", "{506A2E01-419C-48EE-9279-AC8308E5D7AB}"
EndProject
Global
	GlobalSection(SolutionConfigurationPlatforms) = preSolution
		Debug|Any CPU = Debug|Any CPU
		Release|Any CPU = Release|Any CPU
	EndGlobalSection
	GlobalSection(ProjectConfigurationPlatforms) = postSolution
		{506A2E01-419C-48EE-9279-AC8308E5D7AB}.Debug|Any CPU.ActiveCfg = Debug|Any CPU
		{506A2E01-419C-48EE-9279-AC8308E5D7AB}.Debug|Any CPU.Build.0 = Debug|Any CPU
		{506A2E01-419C-48EE-9279-AC8308E5D7AB}.Release|Any CPU.ActiveCfg = Release|Any CPU
		{506A2E01-419C-48EE-9279-AC8308E5D7AB}.Release|Any CPU.Build.0 = Release|Any CPU
	EndGlobalSection
	GlobalSection(SolutionProperties) = preSolution
		HideSolutionNode = FALSE
	EndGlobalSection
	GlobalSection(ExtensibilityGlobals) = postSolution
		SolutionGuid = {677E4420-BD8F-48D2-9049-9E6E5494F420}
	EndGlobalSection
EndGlobal
